
Microsoft Visual Studio Solution File, Format Version 12.00
# Visual Studio Version 17
VisualStudioVersion = 17.5.33530.505
MinimumVisualStudioVersion = 10.0.40219.1
Project("{FAE04EC0-301F-11D3-BF4B-00C04F79EFBC}") = "DotNetComputerSekho", "DotNetComputerSekho.csproj", "{F469D244-BB5F-4AF5-8435-302C5D7FF902}"
EndProject
Global
	GlobalSection(SolutionConfigurationPlatforms) = preSolution
		Debug|Any CPU = Debug|Any CPU
		Release|Any CPU = Release|Any CPU
	EndGlobalSection
	GlobalSection(ProjectConfigurationPlatforms) = postSolution
		{F469D244-BB5F-4AF5-8435-302C5D7FF902}.Debug|Any CPU.ActiveCfg = Debug|Any CPU
		{F469D244-BB5F-4AF5-8435-302C5D7FF902}.Debug|Any CPU.Build.0 = Debug|Any CPU
		{F469D244-BB5F-4AF5-8435-302C5D7FF902}.Release|Any CPU.ActiveCfg = Release|Any CPU
		{F469D244-BB5F-4AF5-8435-302C5D7FF902}.Release|Any CPU.Build.0 = Release|Any CPU
	EndGlobalSection
	GlobalSection(SolutionProperties) = preSolution
		HideSolutionNode = FALSE
	EndGlobalSection
	GlobalSection(ExtensibilityGlobals) = postSolution
		SolutionGuid = {6912F314-572C-449C-B000-9DB7FCDBDC26}
	EndGlobalSection
EndGlobal
